// !$*UTF8*$!
{
	archiveVersion = 1;
	classes = {
	};
	objectVersion = 56;
	objects = {

/* Begin PBXBuildFile section */
		3A0A15F029D090E900F6FA21 /* Book.swift in Sources */ = {isa = PBXBuildFile; fileRef = 3A0A15EF29D090E900F6FA21 /* Book.swift */; };
		3A0A15FA29D0977200F6FA21 /* BookshelvesViewController.swift in Sources */ = {isa = PBXBuildFile; fileRef = 3A0A15F929D0977200F6FA21 /* BookshelvesViewController.swift */; };
		3A0A15FC29D0977F00F6FA21 /* SearchViewController.swift in Sources */ = {isa = PBXBuildFile; fileRef = 3A0A15FB29D0977F00F6FA21 /* SearchViewController.swift */; };
		3A0A160029D0984900F6FA21 /* TabViewController.swift in Sources */ = {isa = PBXBuildFile; fileRef = 3A0A15FF29D0984900F6FA21 /* TabViewController.swift */; };
		3A18477229DDC78800CE5E74 /* SearchListViewViewModel.swift in Sources */ = {isa = PBXBuildFile; fileRef = 3A18477129DDC78800CE5E74 /* SearchListViewViewModel.swift */; };
		3A18477429DDC93C00CE5E74 /* SearchListView.swift in Sources */ = {isa = PBXBuildFile; fileRef = 3A18477329DDC93C00CE5E74 /* SearchListView.swift */; };
		3A18477829DDCE2400CE5E74 /* Extensions.swift in Sources */ = {isa = PBXBuildFile; fileRef = 3A18477729DDCE2400CE5E74 /* Extensions.swift */; };
		3A18477A29DDD58900CE5E74 /* SearchCollectionViewCell.swift in Sources */ = {isa = PBXBuildFile; fileRef = 3A18477929DDD58900CE5E74 /* SearchCollectionViewCell.swift */; };
		3A1A6F0629F0A5E7006358E7 /* SearchDetailViewController.swift in Sources */ = {isa = PBXBuildFile; fileRef = 3A1A6F0529F0A5E7006358E7 /* SearchDetailViewController.swift */; };
		3A1A7CDF29D8AE5D004B7379 /* APIManager.swift in Sources */ = {isa = PBXBuildFile; fileRef = 3A1A7CDE29D8AE5D004B7379 /* APIManager.swift */; };
		3A7C57882A16ED2500F81695 /* BookViewModel.swift in Sources */ = {isa = PBXBuildFile; fileRef = 3A7C57872A16ED2500F81695 /* BookViewModel.swift */; };
		3A84D53729CFB3FD00AC3923 /* AppDelegate.swift in Sources */ = {isa = PBXBuildFile; fileRef = 3A84D53629CFB3FD00AC3923 /* AppDelegate.swift */; };
		3A84D53929CFB3FD00AC3923 /* SceneDelegate.swift in Sources */ = {isa = PBXBuildFile; fileRef = 3A84D53829CFB3FD00AC3923 /* SceneDelegate.swift */; };
		3A84D54029CFB3FE00AC3923 /* Assets.xcassets in Resources */ = {isa = PBXBuildFile; fileRef = 3A84D53F29CFB3FE00AC3923 /* Assets.xcassets */; };
		3A84D54329CFB3FE00AC3923 /* LaunchScreen.storyboard in Resources */ = {isa = PBXBuildFile; fileRef = 3A84D54129CFB3FE00AC3923 /* LaunchScreen.storyboard */; };
		3AC2179529F192AD00C616F8 /* SearchDetailView.swift in Sources */ = {isa = PBXBuildFile; fileRef = 3AC2179429F192AD00C616F8 /* SearchDetailView.swift */; };
		3AD2B09729D3644600D788E7 /* ServiceManager.swift in Sources */ = {isa = PBXBuildFile; fileRef = 3AD2B09629D3644600D788E7 /* ServiceManager.swift */; };
/* End PBXBuildFile section */

/* Begin PBXFileReference section */
		3A0A15EF29D090E900F6FA21 /* Book.swift */ = {isa = PBXFileReference; lastKnownFileType = sourcecode.swift; path = Book.swift; sourceTree = "<group>"; };
		3A0A15F929D0977200F6FA21 /* BookshelvesViewController.swift */ = {isa = PBXFileReference; lastKnownFileType = sourcecode.swift; path = BookshelvesViewController.swift; sourceTree = "<group>"; };
		3A0A15FB29D0977F00F6FA21 /* SearchViewController.swift */ = {isa = PBXFileReference; lastKnownFileType = sourcecode.swift; path = SearchViewController.swift; sourceTree = "<group>"; };
		3A0A15FF29D0984900F6FA21 /* TabViewController.swift */ = {isa = PBXFileReference; lastKnownFileType = sourcecode.swift; path = TabViewController.swift; sourceTree = "<group>"; };
		3A18477129DDC78800CE5E74 /* SearchListViewViewModel.swift */ = {isa = PBXFileReference; lastKnownFileType = sourcecode.swift; path = SearchListViewViewModel.swift; sourceTree = "<group>"; };
		3A18477329DDC93C00CE5E74 /* SearchListView.swift */ = {isa = PBXFileReference; lastKnownFileType = sourcecode.swift; path = SearchListView.swift; sourceTree = "<group>"; };
		3A18477729DDCE2400CE5E74 /* Extensions.swift */ = {isa = PBXFileReference; lastKnownFileType = sourcecode.swift; path = Extensions.swift; sourceTree = "<group>"; };
		3A18477929DDD58900CE5E74 /* SearchCollectionViewCell.swift */ = {isa = PBXFileReference; lastKnownFileType = sourcecode.swift; path = SearchCollectionViewCell.swift; sourceTree = "<group>"; };
		3A1A6F0529F0A5E7006358E7 /* SearchDetailViewController.swift */ = {isa = PBXFileReference; lastKnownFileType = sourcecode.swift; path = SearchDetailViewController.swift; sourceTree = "<group>"; };
		3A1A7CDE29D8AE5D004B7379 /* APIManager.swift */ = {isa = PBXFileReference; lastKnownFileType = sourcecode.swift; path = APIManager.swift; sourceTree = "<group>"; };
		3A7C57872A16ED2500F81695 /* BookViewModel.swift */ = {isa = PBXFileReference; lastKnownFileType = sourcecode.swift; path = BookViewModel.swift; sourceTree = "<group>"; };
		3A84D53329CFB3FD00AC3923 /* BookTracker.app */ = {isa = PBXFileReference; explicitFileType = wrapper.application; includeInIndex = 0; path = BookTracker.app; sourceTree = BUILT_PRODUCTS_DIR; };
		3A84D53629CFB3FD00AC3923 /* AppDelegate.swift */ = {isa = PBXFileReference; lastKnownFileType = sourcecode.swift; path = AppDelegate.swift; sourceTree = "<group>"; };
		3A84D53829CFB3FD00AC3923 /* SceneDelegate.swift */ = {isa = PBXFileReference; lastKnownFileType = sourcecode.swift; path = SceneDelegate.swift; sourceTree = "<group>"; };
		3A84D53F29CFB3FE00AC3923 /* Assets.xcassets */ = {isa = PBXFileReference; lastKnownFileType = folder.assetcatalog; path = Assets.xcassets; sourceTree = "<group>"; };
		3A84D54229CFB3FE00AC3923 /* Base */ = {isa = PBXFileReference; lastKnownFileType = file.storyboard; name = Base; path = Base.lproj/LaunchScreen.storyboard; sourceTree = "<group>"; };
		3A84D54429CFB3FE00AC3923 /* Info.plist */ = {isa = PBXFileReference; lastKnownFileType = text.plist.xml; path = Info.plist; sourceTree = "<group>"; };
		3AC2179429F192AD00C616F8 /* SearchDetailView.swift */ = {isa = PBXFileReference; lastKnownFileType = sourcecode.swift; path = SearchDetailView.swift; sourceTree = "<group>"; };
		3AD2B09629D3644600D788E7 /* ServiceManager.swift */ = {isa = PBXFileReference; lastKnownFileType = sourcecode.swift; path = ServiceManager.swift; sourceTree = "<group>"; };
/* End PBXFileReference section */

/* Begin PBXFrameworksBuildPhase section */
		3A84D53029CFB3FD00AC3923 /* Frameworks */ = {
			isa = PBXFrameworksBuildPhase;
			buildActionMask = 2147483647;
			files = (
			);
			runOnlyForDeploymentPostprocessing = 0;
		};
/* End PBXFrameworksBuildPhase section */

/* Begin PBXGroup section */
		3A0A15EE29D0896200F6FA21 /* APIClient */ = {
			isa = PBXGroup;
			children = (
				3AD2B09629D3644600D788E7 /* ServiceManager.swift */,
				3A1A7CDE29D8AE5D004B7379 /* APIManager.swift */,
			);
			path = APIClient;
			sourceTree = "<group>";
		};
		3A84D52A29CFB3FD00AC3923 = {
			isa = PBXGroup;
			children = (
				3A84D53529CFB3FD00AC3923 /* BookTracker */,
				3A84D53429CFB3FD00AC3923 /* Products */,
			);
			sourceTree = "<group>";
		};
		3A84D53429CFB3FD00AC3923 /* Products */ = {
			isa = PBXGroup;
			children = (
				3A84D53329CFB3FD00AC3923 /* BookTracker.app */,
			);
			name = Products;
			sourceTree = "<group>";
		};
		3A84D53529CFB3FD00AC3923 /* BookTracker */ = {
			isa = PBXGroup;
			children = (
				3A0A15EE29D0896200F6FA21 /* APIClient */,
				3A84D54E29CFB58E00AC3923 /* Resources */,
				3A84D54D29CFB58400AC3923 /* Controllers */,
				3A84D54C29CFB57A00AC3923 /* ViewModels */,
				3A84D54B29CFB56E00AC3923 /* Views */,
				3A84D54A29CFB56000AC3923 /* Models */,
				3A84D54429CFB3FE00AC3923 /* Info.plist */,
			);
			path = BookTracker;
			sourceTree = "<group>";
		};
		3A84D54A29CFB56000AC3923 /* Models */ = {
			isa = PBXGroup;
			children = (
				3A0A15EF29D090E900F6FA21 /* Book.swift */,
			);
			path = Models;
			sourceTree = "<group>";
		};
		3A84D54B29CFB56E00AC3923 /* Views */ = {
			isa = PBXGroup;
			children = (
				3A18477329DDC93C00CE5E74 /* SearchListView.swift */,
				3A18477929DDD58900CE5E74 /* SearchCollectionViewCell.swift */,
				3AC2179429F192AD00C616F8 /* SearchDetailView.swift */,
				3A7C57872A16ED2500F81695 /* BookViewModel.swift */,
			);
			path = Views;
			sourceTree = "<group>";
		};
		3A84D54C29CFB57A00AC3923 /* ViewModels */ = {
			isa = PBXGroup;
			children = (
				3A18477129DDC78800CE5E74 /* SearchListViewViewModel.swift */,
			);
			path = ViewModels;
			sourceTree = "<group>";
		};
		3A84D54D29CFB58400AC3923 /* Controllers */ = {
			isa = PBXGroup;
			children = (
				3A0A15F929D0977200F6FA21 /* BookshelvesViewController.swift */,
				3A0A15FB29D0977F00F6FA21 /* SearchViewController.swift */,
				3A0A15FF29D0984900F6FA21 /* TabViewController.swift */,
				3A1A6F0529F0A5E7006358E7 /* SearchDetailViewController.swift */,
			);
			path = Controllers;
			sourceTree = "<group>";
		};
		3A84D54E29CFB58E00AC3923 /* Resources */ = {
			isa = PBXGroup;
			children = (
				3A84D53629CFB3FD00AC3923 /* AppDelegate.swift */,
				3A84D53829CFB3FD00AC3923 /* SceneDelegate.swift */,
				3A84D53F29CFB3FE00AC3923 /* Assets.xcassets */,
				3A84D54129CFB3FE00AC3923 /* LaunchScreen.storyboard */,
				3A18477729DDCE2400CE5E74 /* Extensions.swift */,
			);
			path = Resources;
			sourceTree = "<group>";
		};
/* End PBXGroup section */

/* Begin PBXNativeTarget section */
		3A84D53229CFB3FD00AC3923 /* BookTracker */ = {
			isa = PBXNativeTarget;
			buildConfigurationList = 3A84D54729CFB3FE00AC3923 /* Build configuration list for PBXNativeTarget "BookTracker" */;
			buildPhases = (
				3A84D52F29CFB3FD00AC3923 /* Sources */,
				3A84D53029CFB3FD00AC3923 /* Frameworks */,
				3A84D53129CFB3FD00AC3923 /* Resources */,
			);
			buildRules = (
			);
			dependencies = (
			);
			name = BookTracker;
			productName = BookTracker;
			productReference = 3A84D53329CFB3FD00AC3923 /* BookTracker.app */;
			productType = "com.apple.product-type.application";
		};
/* End PBXNativeTarget section */

/* Begin PBXProject section */
		3A84D52B29CFB3FD00AC3923 /* Project object */ = {
			isa = PBXProject;
			attributes = {
				BuildIndependentTargetsInParallel = 1;
				LastSwiftUpdateCheck = 1420;
				LastUpgradeCheck = 1420;
				TargetAttributes = {
					3A84D53229CFB3FD00AC3923 = {
						CreatedOnToolsVersion = 14.2;
					};
				};
			};
			buildConfigurationList = 3A84D52E29CFB3FD00AC3923 /* Build configuration list for PBXProject "BookTracker" */;
			compatibilityVersion = "Xcode 14.0";
			developmentRegion = en;
			hasScannedForEncodings = 0;
			knownRegions = (
				en,
				Base,
			);
			mainGroup = 3A84D52A29CFB3FD00AC3923;
			productRefGroup = 3A84D53429CFB3FD00AC3923 /* Products */;
			projectDirPath = "";
			projectRoot = "";
			targets = (
				3A84D53229CFB3FD00AC3923 /* BookTracker */,
			);
		};
/* End PBXProject section */

/* Begin PBXResourcesBuildPhase section */
		3A84D53129CFB3FD00AC3923 /* Resources */ = {
			isa = PBXResourcesBuildPhase;
			buildActionMask = 2147483647;
			files = (
				3A84D54329CFB3FE00AC3923 /* LaunchScreen.storyboard in Resources */,
				3A84D54029CFB3FE00AC3923 /* Assets.xcassets in Resources */,
			);
			runOnlyForDeploymentPostprocessing = 0;
		};
/* End PBXResourcesBuildPhase section */

/* Begin PBXSourcesBuildPhase section */
		3A84D52F29CFB3FD00AC3923 /* Sources */ = {
			isa = PBXSourcesBuildPhase;
			buildActionMask = 2147483647;
			files = (
				3A1A6F0629F0A5E7006358E7 /* SearchDetailViewController.swift in Sources */,
				3A0A15F029D090E900F6FA21 /* Book.swift in Sources */,
				3A0A160029D0984900F6FA21 /* TabViewController.swift in Sources */,
				3A18477A29DDD58900CE5E74 /* SearchCollectionViewCell.swift in Sources */,
				3A0A15FC29D0977F00F6FA21 /* SearchViewController.swift in Sources */,
				3A1A7CDF29D8AE5D004B7379 /* APIManager.swift in Sources */,
				3A18477429DDC93C00CE5E74 /* SearchListView.swift in Sources */,
				3AD2B09729D3644600D788E7 /* ServiceManager.swift in Sources */,
				3AC2179529F192AD00C616F8 /* SearchDetailView.swift in Sources */,
				3A7C57882A16ED2500F81695 /* BookViewModel.swift in Sources */,
				3A0A15FA29D0977200F6FA21 /* BookshelvesViewController.swift in Sources */,
				3A84D53729CFB3FD00AC3923 /* AppDelegate.swift in Sources */,
				3A18477229DDC78800CE5E74 /* SearchListViewViewModel.swift in Sources */,
				3A18477829DDCE2400CE5E74 /* Extensions.swift in Sources */,
				3A84D53929CFB3FD00AC3923 /* SceneDelegate.swift in Sources */,
			);
			runOnlyForDeploymentPostprocessing = 0;
		};
/* End PBXSourcesBuildPhase section */

/* Begin PBXVariantGroup section */
		3A84D54129CFB3FE00AC3923 /* LaunchScreen.storyboard */ = {
			isa = PBXVariantGroup;
			children = (
				3A84D54229CFB3FE00AC3923 /* Base */,
			);
			name = LaunchScreen.storyboard;
			sourceTree = "<group>";
		};
/* End PBXVariantGroup section */

/* Begin XCBuildConfiguration section */
		3A84D54529CFB3FE00AC3923 /* Debug */ = {
			isa = XCBuildConfiguration;
			buildSettings = {
				ALWAYS_SEARCH_USER_PATHS = NO;
				CLANG_ANALYZER_NONNULL = YES;
				CLANG_ANALYZER_NUMBER_OBJECT_CONVERSION = YES_AGGRESSIVE;
				CLANG_CXX_LANGUAGE_STANDARD = "gnu++20";
				CLANG_ENABLE_MODULES = YES;
				CLANG_ENABLE_OBJC_ARC = YES;
				CLANG_ENABLE_OBJC_WEAK = YES;
				CLANG_WARN_BLOCK_CAPTURE_AUTORELEASING = YES;
				CLANG_WARN_BOOL_CONVERSION = YES;
				CLANG_WARN_COMMA = YES;
				CLANG_WARN_CONSTANT_CONVERSION = YES;
				CLANG_WARN_DEPRECATED_OBJC_IMPLEMENTATIONS = YES;
				CLANG_WARN_DIRECT_OBJC_ISA_USAGE = YES_ERROR;
				CLANG_WARN_DOCUMENTATION_COMMENTS = YES;
				CLANG_WARN_EMPTY_BODY = YES;
				CLANG_WARN_ENUM_CONVERSION = YES;
				CLANG_WARN_INFINITE_RECURSION = YES;
				CLANG_WARN_INT_CONVERSION = YES;
				CLANG_WARN_NON_LITERAL_NULL_CONVERSION = YES;
				CLANG_WARN_OBJC_IMPLICIT_RETAIN_SELF = YES;
				CLANG_WARN_OBJC_LITERAL_CONVERSION = YES;
				CLANG_WARN_OBJC_ROOT_CLASS = YES_ERROR;
				CLANG_WARN_QUOTED_INCLUDE_IN_FRAMEWORK_HEADER = YES;
				CLANG_WARN_RANGE_LOOP_ANALYSIS = YES;
				CLANG_WARN_STRICT_PROTOTYPES = YES;
				CLANG_WARN_SUSPICIOUS_MOVE = YES;
				CLANG_WARN_UNGUARDED_AVAILABILITY = YES_AGGRESSIVE;
				CLANG_WARN_UNREACHABLE_CODE = YES;
				CLANG_WARN__DUPLICATE_METHOD_MATCH = YES;
				COPY_PHASE_STRIP = NO;
				DEBUG_INFORMATION_FORMAT = dwarf;
				ENABLE_STRICT_OBJC_MSGSEND = YES;
				ENABLE_TESTABILITY = YES;
				GCC_C_LANGUAGE_STANDARD = gnu11;
				GCC_DYNAMIC_NO_PIC = NO;
				GCC_NO_COMMON_BLOCKS = YES;
				GCC_OPTIMIZATION_LEVEL = 0;
				GCC_PREPROCESSOR_DEFINITIONS = (
					"DEBUG=1",
					"$(inherited)",
				);
				GCC_WARN_64_TO_32_BIT_CONVERSION = YES;
				GCC_WARN_ABOUT_RETURN_TYPE = YES_ERROR;
				GCC_WARN_UNDECLARED_SELECTOR = YES;
				GCC_WARN_UNINITIALIZED_AUTOS = YES_AGGRESSIVE;
				GCC_WARN_UNUSED_FUNCTION = YES;
				GCC_WARN_UNUSED_VARIABLE = YES;
				IPHONEOS_DEPLOYMENT_TARGET = 16.2;
				MTL_ENABLE_DEBUG_INFO = INCLUDE_SOURCE;
				MTL_FAST_MATH = YES;
				ONLY_ACTIVE_ARCH = YES;
				SDKROOT = iphoneos;
				SWIFT_ACTIVE_COMPILATION_CONDITIONS = DEBUG;
				SWIFT_OPTIMIZATION_LEVEL = "-Onone";
			};
			name = Debug;
		};
		3A84D54629CFB3FE00AC3923 /* Release */ = {
			isa = XCBuildConfiguration;
			buildSettings = {
				ALWAYS_SEARCH_USER_PATHS = NO;
				CLANG_ANALYZER_NONNULL = YES;
				CLANG_ANALYZER_NUMBER_OBJECT_CONVERSION = YES_AGGRESSIVE;
				CLANG_CXX_LANGUAGE_STANDARD = "gnu++20";
				CLANG_ENABLE_MODULES = YES;
				CLANG_ENABLE_OBJC_ARC = YES;
				CLANG_ENABLE_OBJC_WEAK = YES;
				CLANG_WARN_BLOCK_CAPTURE_AUTORELEASING = YES;
				CLANG_WARN_BOOL_CONVERSION = YES;
				CLANG_WARN_COMMA = YES;
				CLANG_WARN_CONSTANT_CONVERSION = YES;
				CLANG_WARN_DEPRECATED_OBJC_IMPLEMENTATIONS = YES;
				CLANG_WARN_DIRECT_OBJC_ISA_USAGE = YES_ERROR;
				CLANG_WARN_DOCUMENTATION_COMMENTS = YES;
				CLANG_WARN_EMPTY_BODY = YES;
				CLANG_WARN_ENUM_CONVERSION = YES;
				CLANG_WARN_INFINITE_RECURSION = YES;
				CLANG_WARN_INT_CONVERSION = YES;
				CLANG_WARN_NON_LITERAL_NULL_CONVERSION = YES;
				CLANG_WARN_OBJC_IMPLICIT_RETAIN_SELF = YES;
				CLANG_WARN_OBJC_LITERAL_CONVERSION = YES;
				CLANG_WARN_OBJC_ROOT_CLASS = YES_ERROR;
				CLANG_WARN_QUOTED_INCLUDE_IN_FRAMEWORK_HEADER = YES;
				CLANG_WARN_RANGE_LOOP_ANALYSIS = YES;
				CLANG_WARN_STRICT_PROTOTYPES = YES;
				CLANG_WARN_SUSPICIOUS_MOVE = YES;
				CLANG_WARN_UNGUARDED_AVAILABILITY = YES_AGGRESSIVE;
				CLANG_WARN_UNREACHABLE_CODE = YES;
				CLANG_WARN__DUPLICATE_METHOD_MATCH = YES;
				COPY_PHASE_STRIP = NO;
				DEBUG_INFORMATION_FORMAT = "dwarf-with-dsym";
				ENABLE_NS_ASSERTIONS = NO;
				ENABLE_STRICT_OBJC_MSGSEND = YES;
				GCC_C_LANGUAGE_STANDARD = gnu11;
				GCC_NO_COMMON_BLOCKS = YES;
				GCC_WARN_64_TO_32_BIT_CONVERSION = YES;
				GCC_WARN_ABOUT_RETURN_TYPE = YES_ERROR;
				GCC_WARN_UNDECLARED_SELECTOR = YES;
				GCC_WARN_UNINITIALIZED_AUTOS = YES_AGGRESSIVE;
				GCC_WARN_UNUSED_FUNCTION = YES;
				GCC_WARN_UNUSED_VARIABLE = YES;
				IPHONEOS_DEPLOYMENT_TARGET = 16.2;
				MTL_ENABLE_DEBUG_INFO = NO;
				MTL_FAST_MATH = YES;
				SDKROOT = iphoneos;
				SWIFT_COMPILATION_MODE = wholemodule;
				SWIFT_OPTIMIZATION_LEVEL = "-O";
				VALIDATE_PRODUCT = YES;
			};
			name = Release;
		};
		3A84D54829CFB3FE00AC3923 /* Debug */ = {
			isa = XCBuildConfiguration;
			buildSettings = {
				ASSETCATALOG_COMPILER_APPICON_NAME = AppIcon;
				ASSETCATALOG_COMPILER_GLOBAL_ACCENT_COLOR_NAME = AccentColor;
				CODE_SIGN_STYLE = Automatic;
				CURRENT_PROJECT_VERSION = 1;
				DEVELOPMENT_TEAM = 6GB2DUG9QB;
				GENERATE_INFOPLIST_FILE = YES;
				INFOPLIST_FILE = BookTracker/Info.plist;
				INFOPLIST_KEY_UIApplicationSupportsIndirectInputEvents = YES;
				INFOPLIST_KEY_UILaunchStoryboardName = LaunchScreen;
				INFOPLIST_KEY_UISupportedInterfaceOrientations_iPad = "UIInterfaceOrientationPortrait UIInterfaceOrientationPortraitUpsideDown UIInterfaceOrientationLandscapeLeft UIInterfaceOrientationLandscapeRight";
				INFOPLIST_KEY_UISupportedInterfaceOrientations_iPhone = "UIInterfaceOrientationPortrait UIInterfaceOrientationLandscapeLeft UIInterfaceOrientationLandscapeRight";
				LD_RUNPATH_SEARCH_PATHS = (
					"$(inherited)",
					"@executable_path/Frameworks",
				);
				MARKETING_VERSION = 1.0;
				PRODUCT_BUNDLE_IDENTIFIER = me.ilgin.BookTracker;
				PRODUCT_NAME = "$(TARGET_NAME)";
				SWIFT_EMIT_LOC_STRINGS = YES;
				SWIFT_VERSION = 5.0;
				TARGETED_DEVICE_FAMILY = "1,2";
			};
			name = Debug;
		};
		3A84D54929CFB3FE00AC3923 /* Release */ = {
			isa = XCBuildConfiguration;
			buildSettings = {
				ASSETCATALOG_COMPILER_APPICON_NAME = AppIcon;
				ASSETCATALOG_COMPILER_GLOBAL_ACCENT_COLOR_NAME = AccentColor;
				CODE_SIGN_STYLE = Automatic;
				CURRENT_PROJECT_VERSION = 1;
				DEVELOPMENT_TEAM = 6GB2DUG9QB;
				GENERATE_INFOPLIST_FILE = YES;
				INFOPLIST_FILE = BookTracker/Info.plist;
				INFOPLIST_KEY_UIApplicationSupportsIndirectInputEvents = YES;
				INFOPLIST_KEY_UILaunchStoryboardName = LaunchScreen;
				INFOPLIST_KEY_UISupportedInterfaceOrientations_iPad = "UIInterfaceOrientationPortrait UIInterfaceOrientationPortraitUpsideDown UIInterfaceOrientationLandscapeLeft UIInterfaceOrientationLandscapeRight";
				INFOPLIST_KEY_UISupportedInterfaceOrientations_iPhone = "UIInterfaceOrientationPortrait UIInterfaceOrientationLandscapeLeft UIInterfaceOrientationLandscapeRight";
				LD_RUNPATH_SEARCH_PATHS = (
					"$(inherited)",
					"@executable_path/Frameworks",
				);
				MARKETING_VERSION = 1.0;
				PRODUCT_BUNDLE_IDENTIFIER = me.ilgin.BookTracker;
				PRODUCT_NAME = "$(TARGET_NAME)";
				SWIFT_EMIT_LOC_STRINGS = YES;
				SWIFT_VERSION = 5.0;
				TARGETED_DEVICE_FAMILY = "1,2";
			};
			name = Release;
		};
/* End XCBuildConfiguration section */

/* Begin XCConfigurationList section */
		3A84D52E29CFB3FD00AC3923 /* Build configuration list for PBXProject "BookTracker" */ = {
			isa = XCConfigurationList;
			buildConfigurations = (
				3A84D54529CFB3FE00AC3923 /* Debug */,
				3A84D54629CFB3FE00AC3923 /* Release */,
			);
			defaultConfigurationIsVisible = 0;
			defaultConfigurationName = Release;
		};
		3A84D54729CFB3FE00AC3923 /* Build configuration list for PBXNativeTarget "BookTracker" */ = {
			isa = XCConfigurationList;
			buildConfigurations = (
				3A84D54829CFB3FE00AC3923 /* Debug */,
				3A84D54929CFB3FE00AC3923 /* Release */,
			);
			defaultConfigurationIsVisible = 0;
			defaultConfigurationName = Release;
		};
/* End XCConfigurationList section */
	};
	rootObject = 3A84D52B29CFB3FD00AC3923 /* Project object */;
}
